lockfileVersion: '9.0'

settings:
  autoInstallPeers: true
  excludeLinksFromLockfile: false

importers:

  .:
    dependencies:
      cloudinary:
        specifier: ^2.9.0
        version: 2.9.0
      dotenv:
        specifier: ^17.3.1
        version: 17.3.1

packages:

  cloudinary@2.9.0:
    resolution: {integrity: sha512-F3iKMOy4y0zy0bi5JBp94SC7HY7i/ImfTPSUV07iJmRzH1Iz8WavFfOlJTR1zvYM/xKGoiGZ3my/zy64In0IQQ==}
    engines: {node: '>=9'}

  dotenv@17.3.1:
    resolution: {integrity: sha512-IO8C/dzEb6O3F9/twg6ZLXz164a2fhTnEWb95H23Dm4OuN+92NmEAlTrupP9VW6Jm3sO26tQlqyvyi4CsnY9GA==}
    engines: {node: '>=12'}

  lodash@4.17.23:
    resolution: {integrity: sha512-LgVTMpQtIopCi79SJeDiP0TfWi5CNEc/L/aRdTh3yIvmZXTnheWpKjSZhnvMl8iXbC1tFg9gdHHDMLoV7CnG+w==}

snapshots:

  cloudinary@2.9.0:
    dependencies:
      lodash: 4.17.23

  dotenv@17.3.1: {}

  lodash@4.17.23: {}
